
Microsoft Visual Studio Solution File, Format Version 12.00
# Visual Studio 14
VisualStudioVersion = 14.0.25420.1
MinimumVisualStudioVersion = 10.0.40219.1
Project("{FAE04EC0-301F-11D3-BF4B-00C04F79EFBC}") = "NewAppRest", "NewAppRest\NewAppRest\NewAppRest.csproj", "{F1BFC02F-D0A1-4D76-96FD-1C8B04DB5BA4}"
EndProject
Project("{FAE04EC0-301F-11D3-BF4B-00C04F79EFBC}") = "NewAppRest.Droid", "NewAppRest\NewAppRest.Droid\NewAppRest.Droid.csproj", "{FDFFE35A-361D-4283-A0AE-8432C92CA7C5}"
EndProject
Project("{FAE04EC0-301F-11D3-BF4B-00C04F79EFBC}") = "NewAppRest.iOS", "NewAppRest\NewAppRest.iOS\NewAppRest.iOS.csproj", "{EABB944F-7E37-4911-A716-5D63388D2486}"
EndProject
Project("{FAE04EC0-301F-11D3-BF4B-00C04F79EFBC}") = "NewAppRest.WinPhone", "NewAppRest\NewAppRest.WinPhone\NewAppRest.WinPhone.csproj", "{1F9FE26C-4038-492B-8489-67E7DDA7DCCC}"
EndProject
Project("{FAE04EC0-301F-11D3-BF4B-00C04F79EFBC}") = "NewAppRest.UWP", "NewAppRest\NewAppRest.UWP\NewAppRest.UWP.csproj", "{67A3403E-024C-410D-87A5-C51755DDF9E4}"
EndProject
Project("{FAE04EC0-301F-11D3-BF4B-00C04F79EFBC}") = "NewAppRest.Windows", "NewAppRest\NewAppRest.Windows\NewAppRest.Windows.csproj", "{95F46E51-9B24-43E8-9AFA-8D7475A26DF9}"
EndProject
Global
	GlobalSection(SolutionConfigurationPlatforms) = preSolution
		Ad-Hoc|Any CPU = Ad-Hoc|Any CPU
		Ad-Hoc|ARM = Ad-Hoc|ARM
		Ad-Hoc|iPhone = Ad-Hoc|iPhone
		Ad-Hoc|iPhoneSimulator = Ad-Hoc|iPhoneSimulator
		Ad-Hoc|x64 = Ad-Hoc|x64
		Ad-Hoc|x86 = Ad-Hoc|x86
		AppStore|Any CPU = AppStore|Any CPU
		AppStore|ARM = AppStore|ARM
		AppStore|iPhone = AppStore|iPhone
		AppStore|iPhoneSimulator = AppStore|iPhoneSimulator
		AppStore|x64 = AppStore|x64
		AppStore|x86 = AppStore|x86
		Debug|Any CPU = Debug|Any CPU
		Debug|ARM = Debug|ARM
		Debug|iPhone = Debug|iPhone
		Debug|iPhoneSimulator = Debug|iPhoneSimulator
		Debug|x64 = Debug|x64
		Debug|x86 = Debug|x86
		Release|Any CPU = Release|Any CPU
		Release|ARM = Release|ARM
		Release|iPhone = Release|iPhone
		Release|iPhoneSimulator = Release|iPhoneSimulator
		Release|x64 = Release|x64
		Release|x86 = Release|x86
	EndGlobalSection
	GlobalSection(ProjectConfigurationPlatforms) = postSolution
		{F1BFC02F-D0A1-4D76-96FD-1C8B04DB5BA4}.Ad-Hoc|Any CPU.ActiveCfg = Release|Any CPU
		{F1BFC02F-D0A1-4D76-96FD-1C8B04DB5BA4}.Ad-Hoc|Any CPU.Build.0 = Release|Any CPU
		{F1BFC02F-D0A1-4D76-96FD-1C8B04DB5BA4}.Ad-Hoc|ARM.ActiveCfg = Release|Any CPU
		{F1BFC02F-D0A1-4D76-96FD-1C8B04DB5BA4}.Ad-Hoc|ARM.Build.0 = Release|Any CPU
		{F1BFC02F-D0A1-4D76-96FD-1C8B04DB5BA4}.Ad-Hoc|iPhone.ActiveCfg = Release|Any CPU
		{F1BFC02F-D0A1-4D76-96FD-1C8B04DB5BA4}.Ad-Hoc|iPhone.Build.0 = Release|Any CPU
		{F1BFC02F-D0A1-4D76-96FD-1C8B04DB5BA4}.Ad-Hoc|iPhoneSimulator.ActiveCfg = Release|Any CPU
		{F1BFC02F-D0A1-4D76-96FD-1C8B04DB5BA4}.Ad-Hoc|iPhoneSimulator.Build.0 = Release|Any CPU
		{F1BFC02F-D0A1-4D76-96FD-1C8B04DB5BA4}.Ad-Hoc|x64.ActiveCfg = Release|Any CPU
		{F1BFC02F-D0A1-4D76-96FD-1C8B04DB5BA4}.Ad-Hoc|x64.Build.0 = Release|Any CPU
		{F1BFC02F-D0A1-4D76-96FD-1C8B04DB5BA4}.Ad-Hoc|x86.ActiveCfg = Release|Any CPU
		{F1BFC02F-D0A1-4D76-96FD-1C8B04DB5BA4}.Ad-Hoc|x86.Build.0 = Release|Any CPU
		{F1BFC02F-D0A1-4D76-96FD-1C8B04DB5BA4}.AppStore|Any CPU.ActiveCfg = Release|Any CPU
		{F1BFC02F-D0A1-4D76-96FD-1C8B04DB5BA4}.AppStore|Any CPU.Build.0 = Release|Any CPU
		{F1BFC02F-D0A1-4D76-96FD-1C8B04DB5BA4}.AppStore|ARM.ActiveCfg = Release|Any CPU
		{F1BFC02F-D0A1-4D76-96FD-1C8B04DB5BA4}.AppStore|ARM.Build.0 = Release|Any CPU
		{F1BFC02F-D0A1-4D76-96FD-1C8B04DB5BA4}.AppStore|iPhone.ActiveCfg = Release|Any CPU
		{F1BFC02F-D0A1-4D76-96FD-1C8B04DB5BA4}.AppStore|iPhone.Build.0 = Release|Any CPU
		{F1BFC02F-D0A1-4D76-96FD-1C8B04DB5BA4}.AppStore|iPhoneSimulator.ActiveCfg = Release|Any CPU
		{F1BFC02F-D0A1-4D76-96FD-1C8B04DB5BA4}.AppStore|iPhoneSimulator.Build.0 = Release|Any CPU
		{F1BFC02F-D0A1-4D76-96FD-1C8B04DB5BA4}.AppStore|x64.ActiveCfg = Release|Any CPU
		{F1BFC02F-D0A1-4D76-96FD-1C8B04DB5BA4}.AppStore|x64.Build.0 = Release|Any CPU
		{F1BFC02F-D0A1-4D76-96FD-1C8B04DB5BA4}.AppStore|x86.ActiveCfg = Release|Any CPU
		{F1BFC02F-D0A1-4D76-96FD-1C8B04DB5BA4}.AppStore|x86.Build.0 = Release|Any CPU
		{F1BFC02F-D0A1-4D76-96FD-1C8B04DB5BA4}.Debug|Any CPU.ActiveCfg = Debug|Any CPU
		{F1BFC02F-D0A1-4D76-96FD-1C8B04DB5BA4}.Debug|Any CPU.Build.0 = Debug|Any CPU
		{F1BFC02F-D0A1-4D76-96FD-1C8B04DB5BA4}.Debug|ARM.ActiveCfg = Debug|Any CPU
		{F1BFC02F-D0A1-4D76-96FD-1C8B04DB5BA4}.Debug|ARM.Build.0 = Debug|Any CPU
		{F1BFC02F-D0A1-4D76-96FD-1C8B04DB5BA4}.Debug|iPhone.ActiveCfg = Debug|Any CPU
		{F1BFC02F-D0A1-4D76-96FD-1C8B04DB5BA4}.Debug|iPhone.Build.0 = Debug|Any CPU
		{F1BFC02F-D0A1-4D76-96FD-1C8B04DB5BA4}.Debug|iPhoneSimulator.ActiveCfg = Debug|Any CPU
		{F1BFC02F-D0A1-4D76-96FD-1C8B04DB5BA4}.Debug|iPhoneSimulator.Build.0 = Debug|Any CPU
		{F1BFC02F-D0A1-4D76-96FD-1C8B04DB5BA4}.Debug|x64.ActiveCfg = Debug|Any CPU
		{F1BFC02F-D0A1-4D76-96FD-1C8B04DB5BA4}.Debug|x64.Build.0 = Debug|Any CPU
		{F1BFC02F-D0A1-4D76-96FD-1C8B04DB5BA4}.Debug|x86.ActiveCfg = Debug|Any CPU
		{F1BFC02F-D0A1-4D76-96FD-1C8B04DB5BA4}.Debug|x86.Build.0 = Debug|Any CPU
		{F1BFC02F-D0A1-4D76-96FD-1C8B04DB5BA4}.Release|Any CPU.ActiveCfg = Release|Any CPU
		{F1BFC02F-D0A1-4D76-96FD-1C8B04DB5BA4}.Release|Any CPU.Build.0 = Release|Any CPU
		{F1BFC02F-D0A1-4D76-96FD-1C8B04DB5BA4}.Release|ARM.ActiveCfg = Release|Any CPU
		{F1BFC02F-D0A1-4D76-96FD-1C8B04DB5BA4}.Release|ARM.Build.0 = Release|Any CPU
		{F1BFC02F-D0A1-4D76-96FD-1C8B04DB5BA4}.Release|iPhone.ActiveCfg = Release|Any CPU
		{F1BFC02F-D0A1-4D76-96FD-1C8B04DB5BA4}.Release|iPhone.Build.0 = Release|Any CPU
		{F1BFC02F-D0A1-4D76-96FD-1C8B04DB5BA4}.Release|iPhoneSimulator.ActiveCfg = Release|Any CPU
		{F1BFC02F-D0A1-4D76-96FD-1C8B04DB5BA4}.Release|iPhoneSimulator.Build.0 = Release|Any CPU
		{F1BFC02F-D0A1-4D76-96FD-1C8B04DB5BA4}.Release|x64.ActiveCfg = Release|Any CPU
		{F1BFC02F-D0A1-4D76-96FD-1C8B04DB5BA4}.Release|x64.Build.0 = Release|Any CPU
		{F1BFC02F-D0A1-4D76-96FD-1C8B04DB5BA4}.Release|x86.ActiveCfg = Release|Any CPU
		{F1BFC02F-D0A1-4D76-96FD-1C8B04DB5BA4}.Release|x86.Build.0 = Release|Any CPU
		{FDFFE35A-361D-4283-A0AE-8432C92CA7C5}.Ad-Hoc|Any CPU.ActiveCfg = Release|Any CPU
		{FDFFE35A-361D-4283-A0AE-8432C92CA7C5}.Ad-Hoc|Any CPU.Build.0 = Release|Any CPU
		{FDFFE35A-361D-4283-A0AE-8432C92CA7C5}.Ad-Hoc|Any CPU.Deploy.0 = Release|Any CPU
		{FDFFE35A-361D-4283-A0AE-8432C92CA7C5}.Ad-Hoc|ARM.ActiveCfg = Release|Any CPU
		{FDFFE35A-361D-4283-A0AE-8432C92CA7C5}.Ad-Hoc|ARM.Build.0 = Release|Any CPU
		{FDFFE35A-361D-4283-A0AE-8432C92CA7C5}.Ad-Hoc|ARM.Deploy.0 = Release|Any CPU
		{FDFFE35A-361D-4283-A0AE-8432C92CA7C5}.Ad-Hoc|iPhone.ActiveCfg = Release|Any CPU
		{FDFFE35A-361D-4283-A0AE-8432C92CA7C5}.Ad-Hoc|iPhone.Build.0 = Release|Any CPU
		{FDFFE35A-361D-4283-A0AE-8432C92CA7C5}.Ad-Hoc|iPhone.Deploy.0 = Release|Any CPU
		{FDFFE35A-361D-4283-A0AE-8432C92CA7C5}.Ad-Hoc|iPhoneSimulator.ActiveCfg = Release|Any CPU
		{FDFFE35A-361D-4283-A0AE-8432C92CA7C5}.Ad-Hoc|iPhoneSimulator.Build.0 = Release|Any CPU
		{FDFFE35A-361D-4283-A0AE-8432C92CA7C5}.Ad-Hoc|iPhoneSimulator.Deploy.0 = Release|Any CPU
		{FDFFE35A-361D-4283-A0AE-8432C92CA7C5}.Ad-Hoc|x64.ActiveCfg = Release|Any CPU
		{FDFFE35A-361D-4283-A0AE-8432C92CA7C5}.Ad-Hoc|x64.Build.0 = Release|Any CPU
		{FDFFE35A-361D-4283-A0AE-8432C92CA7C5}.Ad-Hoc|x64.Deploy.0 = Release|Any CPU
		{FDFFE35A-361D-4283-A0AE-8432C92CA7C5}.Ad-Hoc|x86.ActiveCfg = Release|Any CPU
		{FDFFE35A-361D-4283-A0AE-8432C92CA7C5}.Ad-Hoc|x86.Build.0 = Release|Any CPU
		{FDFFE35A-361D-4283-A0AE-8432C92CA7C5}.Ad-Hoc|x86.Deploy.0 = Release|Any CPU
		{FDFFE35A-361D-4283-A0AE-8432C92CA7C5}.AppStore|Any CPU.ActiveCfg = Release|Any CPU
		{FDFFE35A-361D-4283-A0AE-8432C92CA7C5}.AppStore|Any CPU.Build.0 = Release|Any CPU
		{FDFFE35A-361D-4283-A0AE-8432C92CA7C5}.AppStore|Any CPU.Deploy.0 = Release|Any CPU
		{FDFFE35A-361D-4283-A0AE-8432C92CA7C5}.AppStore|ARM.ActiveCfg = Release|Any CPU
		{FDFFE35A-361D-4283-A0AE-8432C92CA7C5}.AppStore|ARM.Build.0 = Release|Any CPU
		{FDFFE35A-361D-4283-A0AE-8432C92CA7C5}.AppStore|ARM.Deploy.0 = Release|Any CPU
		{FDFFE35A-361D-4283-A0AE-8432C92CA7C5}.AppStore|iPhone.ActiveCfg = Release|Any CPU
		{FDFFE35A-361D-4283-A0AE-8432C92CA7C5}.AppStore|iPhone.Build.0 = Release|Any CPU
		{FDFFE35A-361D-4283-A0AE-8432C92CA7C5}.AppStore|iPhone.Deploy.0 = Release|Any CPU
		{FDFFE35A-361D-4283-A0AE-8432C92CA7C5}.AppStore|iPhoneSimulator.ActiveCfg = Release|Any CPU
		{FDFFE35A-361D-4283-A0AE-8432C92CA7C5}.AppStore|iPhoneSimulator.Build.0 = Release|Any CPU
		{FDFFE35A-361D-4283-A0AE-8432C92CA7C5}.AppStore|iPhoneSimulator.Deploy.0 = Release|Any CPU
		{FDFFE35A-361D-4283-A0AE-8432C92CA7C5}.AppStore|x64.ActiveCfg = Release|Any CPU
		{FDFFE35A-361D-4283-A0AE-8432C92CA7C5}.AppStore|x64.Build.0 = Release|Any CPU
		{FDFFE35A-361D-4283-A0AE-8432C92CA7C5}.AppStore|x64.Deploy.0 = Release|Any CPU
		{FDFFE35A-361D-4283-A0AE-8432C92CA7C5}.AppStore|x86.ActiveCfg = Release|Any CPU
		{FDFFE35A-361D-4283-A0AE-8432C92CA7C5}.AppStore|x86.Build.0 = Release|Any CPU
		{FDFFE35A-361D-4283-A0AE-8432C92CA7C5}.AppStore|x86.Deploy.0 = Release|Any CPU
		{FDFFE35A-361D-4283-A0AE-8432C92CA7C5}.Debug|Any CPU.ActiveCfg = Debug|Any CPU
		{FDFFE35A-361D-4283-A0AE-8432C92CA7C5}.Debug|Any CPU.Build.0 = Debug|Any CPU
		{FDFFE35A-361D-4283-A0AE-8432C92CA7C5}.Debug|Any CPU.Deploy.0 = Debug|Any CPU
		{FDFFE35A-361D-4283-A0AE-8432C92CA7C5}.Debug|ARM.ActiveCfg = Debug|Any CPU
		{FDFFE35A-361D-4283-A0AE-8432C92CA7C5}.Debug|ARM.Build.0 = Debug|Any CPU
		{FDFFE35A-361D-4283-A0AE-8432C92CA7C5}.Debug|ARM.Deploy.0 = Debug|Any CPU
		{FDFFE35A-361D-4283-A0AE-8432C92CA7C5}.Debug|iPhone.ActiveCfg = Debug|Any CPU
		{FDFFE35A-361D-4283-A0AE-8432C92CA7C5}.Debug|iPhone.Build.0 = Debug|Any CPU
		{FDFFE35A-361D-4283-A0AE-8432C92CA7C5}.Debug|iPhone.Deploy.0 = Debug|Any CPU
		{FDFFE35A-361D-4283-A0AE-8432C92CA7C5}.Debug|iPhoneSimulator.ActiveCfg = Debug|Any CPU
		{FDFFE35A-361D-4283-A0AE-8432C92CA7C5}.Debug|iPhoneSimulator.Build.0 = Debug|Any CPU
		{FDFFE35A-361D-4283-A0AE-8432C92CA7C5}.Debug|iPhoneSimulator.Deploy.0 = Debug|Any CPU
		{FDFFE35A-361D-4283-A0AE-8432C92CA7C5}.Debug|x64.ActiveCfg = Debug|Any CPU
		{FDFFE35A-361D-4283-A0AE-8432C92CA7C5}.Debug|x64.Build.0 = Debug|Any CPU
		{FDFFE35A-361D-4283-A0AE-8432C92CA7C5}.Debug|x64.Deploy.0 = Debug|Any CPU
		{FDFFE35A-361D-4283-A0AE-8432C92CA7C5}.Debug|x86.ActiveCfg = Debug|Any CPU
		{FDFFE35A-361D-4283-A0AE-8432C92CA7C5}.Debug|x86.Build.0 = Debug|Any CPU
		{FDFFE35A-361D-4283-A0AE-8432C92CA7C5}.Debug|x86.Deploy.0 = Debug|Any CPU
		{FDFFE35A-361D-4283-A0AE-8432C92CA7C5}.Release|Any CPU.ActiveCfg = Release|Any CPU
		{FDFFE35A-361D-4283-A0AE-8432C92CA7C5}.Release|Any CPU.Build.0 = Release|Any CPU
		{FDFFE35A-361D-4283-A0AE-8432C92CA7C5}.Release|Any CPU.Deploy.0 = Release|Any CPU
		{FDFFE35A-361D-4283-A0AE-8432C92CA7C5}.Release|ARM.ActiveCfg = Release|Any CPU
		{FDFFE35A-361D-4283-A0AE-8432C92CA7C5}.Release|ARM.Build.0 = Release|Any CPU
		{FDFFE35A-361D-4283-A0AE-8432C92CA7C5}.Release|ARM.Deploy.0 = Release|Any CPU
		{FDFFE35A-361D-4283-A0AE-8432C92CA7C5}.Release|iPhone.ActiveCfg = Release|Any CPU
		{FDFFE35A-361D-4283-A0AE-8432C92CA7C5}.Release|iPhone.Build.0 = Release|Any CPU
		{FDFFE35A-361D-4283-A0AE-8432C92CA7C5}.Release|iPhone.Deploy.0 = Release|Any CPU
		{FDFFE35A-361D-4283-A0AE-8432C92CA7C5}.Release|iPhoneSimulator.ActiveCfg = Release|Any CPU
		{FDFFE35A-361D-4283-A0AE-8432C92CA7C5}.Release|iPhoneSimulator.Build.0 = Release|Any CPU
		{FDFFE35A-361D-4283-A0AE-8432C92CA7C5}.Release|iPhoneSimulator.Deploy.0 = Release|Any CPU
		{FDFFE35A-361D-4283-A0AE-8432C92CA7C5}.Release|x64.ActiveCfg = Release|Any CPU
		{FDFFE35A-361D-4283-A0AE-8432C92CA7C5}.Release|x64.Build.0 = Release|Any CPU
		{FDFFE35A-361D-4283-A0AE-8432C92CA7C5}.Release|x64.Deploy.0 = Release|Any CPU
		{FDFFE35A-361D-4283-A0AE-8432C92CA7C5}.Release|x86.ActiveCfg = Release|Any CPU
		{FDFFE35A-361D-4283-A0AE-8432C92CA7C5}.Release|x86.Build.0 = Release|Any CPU
		{FDFFE35A-361D-4283-A0AE-8432C92CA7C5}.Release|x86.Deploy.0 = Release|Any CPU
		{EABB944F-7E37-4911-A716-5D63388D2486}.Ad-Hoc|Any CPU.ActiveCfg = Ad-Hoc|iPhone
		{EABB944F-7E37-4911-A716-5D63388D2486}.Ad-Hoc|ARM.ActiveCfg = Ad-Hoc|iPhone
		{EABB944F-7E37-4911-A716-5D63388D2486}.Ad-Hoc|iPhone.ActiveCfg = Ad-Hoc|iPhone
		{EABB944F-7E37-4911-A716-5D63388D2486}.Ad-Hoc|iPhone.Build.0 = Ad-Hoc|iPhone
		{EABB944F-7E37-4911-A716-5D63388D2486}.Ad-Hoc|iPhoneSimulator.ActiveCfg = Ad-Hoc|iPhoneSimulator
		{EABB944F-7E37-4911-A716-5D63388D2486}.Ad-Hoc|iPhoneSimulator.Build.0 = Ad-Hoc|iPhoneSimulator
		{EABB944F-7E37-4911-A716-5D63388D2486}.Ad-Hoc|x64.ActiveCfg = Ad-Hoc|iPhone
		{EABB944F-7E37-4911-A716-5D63388D2486}.Ad-Hoc|x86.ActiveCfg = Ad-Hoc|iPhone
		{EABB944F-7E37-4911-A716-5D63388D2486}.AppStore|Any CPU.ActiveCfg = AppStore|iPhone
		{EABB944F-7E37-4911-A716-5D63388D2486}.AppStore|ARM.ActiveCfg = AppStore|iPhone
		{EABB944F-7E37-4911-A716-5D63388D2486}.AppStore|iPhone.ActiveCfg = AppStore|iPhone
		{EABB944F-7E37-4911-A716-5D63388D2486}.AppStore|iPhone.Build.0 = AppStore|iPhone
		{EABB944F-7E37-4911-A716-5D63388D2486}.AppStore|iPhoneSimulator.ActiveCfg = AppStore|iPhoneSimulator
		{EABB944F-7E37-4911-A716-5D63388D2486}.AppStore|iPhoneSimulator.Build.0 = AppStore|iPhoneSimulator
		{EABB944F-7E37-4911-A716-5D63388D2486}.AppStore|x64.ActiveCfg = AppStore|iPhone
		{EABB944F-7E37-4911-A716-5D63388D2486}.AppStore|x86.ActiveCfg = AppStore|iPhone
		{EABB944F-7E37-4911-A716-5D63388D2486}.Debug|Any CPU.ActiveCfg = Debug|iPhone
		{EABB944F-7E37-4911-A716-5D63388D2486}.Debug|ARM.ActiveCfg = Debug|iPhone
		{EABB944F-7E37-4911-A716-5D63388D2486}.Debug|iPhone.ActiveCfg = Debug|iPhone
		{EABB944F-7E37-4911-A716-5D63388D2486}.Debug|iPhone.Build.0 = Debug|iPhone
		{EABB944F-7E37-4911-A716-5D63388D2486}.Debug|iPhoneSimulator.ActiveCfg = Debug|iPhoneSimulator
		{EABB944F-7E37-4911-A716-5D63388D2486}.Debug|iPhoneSimulator.Build.0 = Debug|iPhoneSimulator
		{EABB944F-7E37-4911-A716-5D63388D2486}.Debug|x64.ActiveCfg = Debug|iPhone
		{EABB944F-7E37-4911-A716-5D63388D2486}.Debug|x86.ActiveCfg = Debug|iPhone
		{EABB944F-7E37-4911-A716-5D63388D2486}.Release|Any CPU.ActiveCfg = Release|iPhone
		{EABB944F-7E37-4911-A716-5D63388D2486}.Release|ARM.ActiveCfg = Release|iPhone
		{EABB944F-7E37-4911-A716-5D63388D2486}.Release|iPhone.ActiveCfg = Release|iPhone
		{EABB944F-7E37-4911-A716-5D63388D2486}.Release|iPhone.Build.0 = Release|iPhone
		{EABB944F-7E37-4911-A716-5D63388D2486}.Release|iPhoneSimulator.ActiveCfg = Release|iPhoneSimulator
		{EABB944F-7E37-4911-A716-5D63388D2486}.Release|iPhoneSimulator.Build.0 = Release|iPhoneSimulator
		{EABB944F-7E37-4911-A716-5D63388D2486}.Release|x64.ActiveCfg = Release|iPhone
		{EABB944F-7E37-4911-A716-5D63388D2486}.Release|x86.ActiveCfg = Release|iPhone
		{1F9FE26C-4038-492B-8489-67E7DDA7DCCC}.Ad-Hoc|Any CPU.ActiveCfg = Release|Any CPU
		{1F9FE26C-4038-492B-8489-67E7DDA7DCCC}.Ad-Hoc|Any CPU.Build.0 = Release|Any CPU
		{1F9FE26C-4038-492B-8489-67E7DDA7DCCC}.Ad-Hoc|Any CPU.Deploy.0 = Release|Any CPU
		{1F9FE26C-4038-492B-8489-67E7DDA7DCCC}.Ad-Hoc|ARM.ActiveCfg = Release|ARM
		{1F9FE26C-4038-492B-8489-67E7DDA7DCCC}.Ad-Hoc|ARM.Build.0 = Release|ARM
		{1F9FE26C-4038-492B-8489-67E7DDA7DCCC}.Ad-Hoc|ARM.Deploy.0 = Release|ARM
		{1F9FE26C-4038-492B-8489-67E7DDA7DCCC}.Ad-Hoc|iPhone.ActiveCfg = Release|Any CPU
		{1F9FE26C-4038-492B-8489-67E7DDA7DCCC}.Ad-Hoc|iPhone.Build.0 = Release|Any CPU
		{1F9FE26C-4038-492B-8489-67E7DDA7DCCC}.Ad-Hoc|iPhone.Deploy.0 = Release|Any CPU
		{1F9FE26C-4038-492B-8489-67E7DDA7DCCC}.Ad-Hoc|iPhoneSimulator.ActiveCfg = Release|Any CPU
		{1F9FE26C-4038-492B-8489-67E7DDA7DCCC}.Ad-Hoc|iPhoneSimulator.Build.0 = Release|Any CPU
		{1F9FE26C-4038-492B-8489-67E7DDA7DCCC}.Ad-Hoc|iPhoneSimulator.Deploy.0 = Release|Any CPU
		{1F9FE26C-4038-492B-8489-67E7DDA7DCCC}.Ad-Hoc|x64.ActiveCfg = Release|Any CPU
		{1F9FE26C-4038-492B-8489-67E7DDA7DCCC}.Ad-Hoc|x64.Build.0 = Release|Any CPU
		{1F9FE26C-4038-492B-8489-67E7DDA7DCCC}.Ad-Hoc|x64.Deploy.0 = Release|Any CPU
		{1F9FE26C-4038-492B-8489-67E7DDA7DCCC}.Ad-Hoc|x86.ActiveCfg = Release|x86
		{1F9FE26C-4038-492B-8489-67E7DDA7DCCC}.Ad-Hoc|x86.Build.0 = Release|x86
		{1F9FE26C-4038-492B-8489-67E7DDA7DCCC}.Ad-Hoc|x86.Deploy.0 = Release|x86
		{1F9FE26C-4038-492B-8489-67E7DDA7DCCC}.AppStore|Any CPU.ActiveCfg = Release|Any CPU
		{1F9FE26C-4038-492B-8489-67E7DDA7DCCC}.AppStore|Any CPU.Build.0 = Release|Any CPU
		{1F9FE26C-4038-492B-8489-67E7DDA7DCCC}.AppStore|Any CPU.Deploy.0 = Release|Any CPU
		{1F9FE26C-4038-492B-8489-67E7DDA7DCCC}.AppStore|ARM.ActiveCfg = Release|ARM
		{1F9FE26C-4038-492B-8489-67E7DDA7DCCC}.AppStore|ARM.Build.0 = Release|ARM
		{1F9FE26C-4038-492B-8489-67E7DDA7DCCC}.AppStore|ARM.Deploy.0 = Release|ARM
		{1F9FE26C-4038-492B-8489-67E7DDA7DCCC}.AppStore|iPhone.ActiveCfg = Release|Any CPU
		{1F9FE26C-4038-492B-8489-67E7DDA7DCCC}.AppStore|iPhone.Build.0 = Release|Any CPU
		{1F9FE26C-4038-492B-8489-67E7DDA7DCCC}.AppStore|iPhone.Deploy.0 = Release|Any CPU
		{1F9FE26C-4038-492B-8489-67E7DDA7DCCC}.AppStore|iPhoneSimulator.ActiveCfg = Release|Any CPU
		{1F9FE26C-4038-492B-8489-67E7DDA7DCCC}.AppStore|iPhoneSimulator.Build.0 = Release|Any CPU
		{1F9FE26C-4038-492B-8489-67E7DDA7DCCC}.AppStore|iPhoneSimulator.Deploy.0 = Release|Any CPU
		{1F9FE26C-4038-492B-8489-67E7DDA7DCCC}.AppStore|x64.ActiveCfg = Release|Any CPU
		{1F9FE26C-4038-492B-8489-67E7DDA7DCCC}.AppStore|x64.Build.0 = Release|Any CPU
		{1F9FE26C-4038-492B-8489-67E7DDA7DCCC}.AppStore|x64.Deploy.0 = Release|Any CPU
		{1F9FE26C-4038-492B-8489-67E7DDA7DCCC}.AppStore|x86.ActiveCfg = Release|x86
		{1F9FE26C-4038-492B-8489-67E7DDA7DCCC}.AppStore|x86.Build.0 = Release|x86
		{1F9FE26C-4038-492B-8489-67E7DDA7DCCC}.AppStore|x86.Deploy.0 = Release|x86
		{1F9FE26C-4038-492B-8489-67E7DDA7DCCC}.Debug|Any CPU.ActiveCfg = Debug|Any CPU
		{1F9FE26C-4038-492B-8489-67E7DDA7DCCC}.Debug|Any CPU.Build.0 = Debug|Any CPU
		{1F9FE26C-4038-492B-8489-67E7DDA7DCCC}.Debug|Any CPU.Deploy.0 = Debug|Any CPU
		{1F9FE26C-4038-492B-8489-67E7DDA7DCCC}.Debug|ARM.ActiveCfg = Debug|ARM
		{1F9FE26C-4038-492B-8489-67E7DDA7DCCC}.Debug|ARM.Build.0 = Debug|ARM
		{1F9FE26C-4038-492B-8489-67E7DDA7DCCC}.Debug|ARM.Deploy.0 = Debug|ARM
		{1F9FE26C-4038-492B-8489-67E7DDA7DCCC}.Debug|iPhone.ActiveCfg = Debug|Any CPU
		{1F9FE26C-4038-492B-8489-67E7DDA7DCCC}.Debug|iPhone.Build.0 = Debug|Any CPU
		{1F9FE26C-4038-492B-8489-67E7DDA7DCCC}.Debug|iPhone.Deploy.0 = Debug|Any CPU
		{1F9FE26C-4038-492B-8489-67E7DDA7DCCC}.Debug|iPhoneSimulator.ActiveCfg = Debug|Any CPU
		{1F9FE26C-4038-492B-8489-67E7DDA7DCCC}.Debug|iPhoneSimulator.Build.0 = Debug|Any CPU
		{1F9FE26C-4038-492B-8489-67E7DDA7DCCC}.Debug|iPhoneSimulator.Deploy.0 = Debug|Any CPU
		{1F9FE26C-4038-492B-8489-67E7DDA7DCCC}.Debug|x64.ActiveCfg = Debug|Any CPU
		{1F9FE26C-4038-492B-8489-67E7DDA7DCCC}.Debug|x64.Build.0 = Debug|Any CPU
		{1F9FE26C-4038-492B-8489-67E7DDA7DCCC}.Debug|x64.Deploy.0 = Debug|Any CPU
		{1F9FE26C-4038-492B-8489-67E7DDA7DCCC}.Debug|x86.ActiveCfg = Debug|x86
		{1F9FE26C-4038-492B-8489-67E7DDA7DCCC}.Debug|x86.Build.0 = Debug|x86
		{1F9FE26C-4038-492B-8489-67E7DDA7DCCC}.Debug|x86.Deploy.0 = Debug|x86
		{1F9FE26C-4038-492B-8489-67E7DDA7DCCC}.Release|Any CPU.ActiveCfg = Release|Any CPU
		{1F9FE26C-4038-492B-8489-67E7DDA7DCCC}.Release|Any CPU.Build.0 = Release|Any CPU
		{1F9FE26C-4038-492B-8489-67E7DDA7DCCC}.Release|Any CPU.Deploy.0 = Release|Any CPU
		{1F9FE26C-4038-492B-8489-67E7DDA7DCCC}.Release|ARM.ActiveCfg = Release|ARM
		{1F9FE26C-4038-492B-8489-67E7DDA7DCCC}.Release|ARM.Build.0 = Release|ARM
		{1F9FE26C-4038-492B-8489-67E7DDA7DCCC}.Release|ARM.Deploy.0 = Release|ARM
		{1F9FE26C-4038-492B-8489-67E7DDA7DCCC}.Release|iPhone.ActiveCfg = Release|Any CPU
		{1F9FE26C-4038-492B-8489-67E7DDA7DCCC}.Release|iPhone.Build.0 = Release|Any CPU
		{1F9FE26C-4038-492B-8489-67E7DDA7DCCC}.Release|iPhone.Deploy.0 = Release|Any CPU
		{1F9FE26C-4038-492B-8489-67E7DDA7DCCC}.Release|iPhoneSimulator.ActiveCfg = Release|Any CPU
		{1F9FE26C-4038-492B-8489-67E7DDA7DCCC}.Release|iPhoneSimulator.Build.0 = Release|Any CPU
		{1F9FE26C-4038-492B-8489-67E7DDA7DCCC}.Release|iPhoneSimulator.Deploy.0 = Release|Any CPU
		{1F9FE26C-4038-492B-8489-67E7DDA7DCCC}.Release|x64.ActiveCfg = Release|Any CPU
		{1F9FE26C-4038-492B-8489-67E7DDA7DCCC}.Release|x64.Build.0 = Release|Any CPU
		{1F9FE26C-4038-492B-8489-67E7DDA7DCCC}.Release|x64.Deploy.0 = Release|Any CPU
		{1F9FE26C-4038-492B-8489-67E7DDA7DCCC}.Release|x86.ActiveCfg = Release|x86
		{1F9FE26C-4038-492B-8489-67E7DDA7DCCC}.Release|x86.Build.0 = Release|x86
		{1F9FE26C-4038-492B-8489-67E7DDA7DCCC}.Release|x86.Deploy.0 = Release|x86
		{67A3403E-024C-410D-87A5-C51755DDF9E4}.Ad-Hoc|Any CPU.ActiveCfg = Release|x86
		{67A3403E-024C-410D-87A5-C51755DDF9E4}.Ad-Hoc|Any CPU.Build.0 = Release|x86
		{67A3403E-024C-410D-87A5-C51755DDF9E4}.Ad-Hoc|Any CPU.Deploy.0 = Release|x86
		{67A3403E-024C-410D-87A5-C51755DDF9E4}.Ad-Hoc|ARM.ActiveCfg = Release|ARM
		{67A3403E-024C-410D-87A5-C51755DDF9E4}.Ad-Hoc|ARM.Build.0 = Release|ARM
		{67A3403E-024C-410D-87A5-C51755DDF9E4}.Ad-Hoc|ARM.Deploy.0 = Release|ARM
		{67A3403E-024C-410D-87A5-C51755DDF9E4}.Ad-Hoc|iPhone.ActiveCfg = Release|x86
		{67A3403E-024C-410D-87A5-C51755DDF9E4}.Ad-Hoc|iPhone.Build.0 = Release|x86
		{67A3403E-024C-410D-87A5-C51755DDF9E4}.Ad-Hoc|iPhone.Deploy.0 = Release|x86
		{67A3403E-024C-410D-87A5-C51755DDF9E4}.Ad-Hoc|iPhoneSimulator.ActiveCfg = Release|x86
		{67A3403E-024C-410D-87A5-C51755DDF9E4}.Ad-Hoc|iPhoneSimulator.Build.0 = Release|x86
		{67A3403E-024C-410D-87A5-C51755DDF9E4}.Ad-Hoc|iPhoneSimulator.Deploy.0 = Release|x86
		{67A3403E-024C-410D-87A5-C51755DDF9E4}.Ad-Hoc|x64.ActiveCfg = Release|x64
		{67A3403E-024C-410D-87A5-C51755DDF9E4}.Ad-Hoc|x64.Build.0 = Release|x64
		{67A3403E-024C-410D-87A5-C51755DDF9E4}.Ad-Hoc|x64.Deploy.0 = Release|x64
		{67A3403E-024C-410D-87A5-C51755DDF9E4}.Ad-Hoc|x86.ActiveCfg = Release|x86
		{67A3403E-024C-410D-87A5-C51755DDF9E4}.Ad-Hoc|x86.Build.0 = Release|x86
		{67A3403E-024C-410D-87A5-C51755DDF9E4}.Ad-Hoc|x86.Deploy.0 = Release|x86
		{67A3403E-024C-410D-87A5-C51755DDF9E4}.AppStore|Any CPU.ActiveCfg = Release|x86
		{67A3403E-024C-410D-87A5-C51755DDF9E4}.AppStore|Any CPU.Build.0 = Release|x86
		{67A3403E-024C-410D-87A5-C51755DDF9E4}.AppStore|Any CPU.Deploy.0 = Release|x86
		{67A3403E-024C-410D-87A5-C51755DDF9E4}.AppStore|ARM.ActiveCfg = Release|ARM
		{67A3403E-024C-410D-87A5-C51755DDF9E4}.AppStore|ARM.Build.0 = Release|ARM
		{67A3403E-024C-410D-87A5-C51755DDF9E4}.AppStore|ARM.Deploy.0 = Release|ARM
		{67A3403E-024C-410D-87A5-C51755DDF9E4}.AppStore|iPhone.ActiveCfg = Release|x86
		{67A3403E-024C-410D-87A5-C51755DDF9E4}.AppStore|iPhone.Build.0 = Release|x86
		{67A3403E-024C-410D-87A5-C51755DDF9E4}.AppStore|iPhone.Deploy.0 = Release|x86
		{67A3403E-024C-410D-87A5-C51755DDF9E4}.AppStore|iPhoneSimulator.ActiveCfg = Release|x86
		{67A3403E-024C-410D-87A5-C51755DDF9E4}.AppStore|iPhoneSimulator.Build.0 = Release|x86
		{67A3403E-024C-410D-87A5-C51755DDF9E4}.AppStore|iPhoneSimulator.Deploy.0 = Release|x86
		{67A3403E-024C-410D-87A5-C51755DDF9E4}.AppStore|x64.ActiveCfg = Release|x64
		{67A3403E-024C-410D-87A5-C51755DDF9E4}.AppStore|x64.Build.0 = Release|x64
		{67A3403E-024C-410D-87A5-C51755DDF9E4}.AppStore|x64.Deploy.0 = Release|x64
		{67A3403E-024C-410D-87A5-C51755DDF9E4}.AppStore|x86.ActiveCfg = Release|x86
		{67A3403E-024C-410D-87A5-C51755DDF9E4}.AppStore|x86.Build.0 = Release|x86
		{67A3403E-024C-410D-87A5-C51755DDF9E4}.AppStore|x86.Deploy.0 = Release|x86
		{67A3403E-024C-410D-87A5-C51755DDF9E4}.Debug|Any CPU.ActiveCfg = Debug|x86
		{67A3403E-024C-410D-87A5-C51755DDF9E4}.Debug|ARM.ActiveCfg = Debug|ARM
		{67A3403E-024C-410D-87A5-C51755DDF9E4}.Debug|ARM.Build.0 = Debug|ARM
		{67A3403E-024C-410D-87A5-C51755DDF9E4}.Debug|ARM.Deploy.0 = Debug|ARM
		{67A3403E-024C-410D-87A5-C51755DDF9E4}.Debug|iPhone.ActiveCfg = Debug|x86
		{67A3403E-024C-410D-87A5-C51755DDF9E4}.Debug|iPhoneSimulator.ActiveCfg = Debug|x86
		{67A3403E-024C-410D-87A5-C51755DDF9E4}.Debug|x64.ActiveCfg = Debug|x64
		{67A3403E-024C-410D-87A5-C51755DDF9E4}.Debug|x64.Build.0 = Debug|x64
		{67A3403E-024C-410D-87A5-C51755DDF9E4}.Debug|x64.Deploy.0 = Debug|x64
		{67A3403E-024C-410D-87A5-C51755DDF9E4}.Debug|x86.ActiveCfg = Debug|x86
		{67A3403E-024C-410D-87A5-C51755DDF9E4}.Debug|x86.Build.0 = Debug|x86
		{67A3403E-024C-410D-87A5-C51755DDF9E4}.Debug|x86.Deploy.0 = Debug|x86
		{67A3403E-024C-410D-87A5-C51755DDF9E4}.Release|Any CPU.ActiveCfg = Release|x86
		{67A3403E-024C-410D-87A5-C51755DDF9E4}.Release|ARM.ActiveCfg = Release|ARM
		{67A3403E-024C-410D-87A5-C51755DDF9E4}.Release|ARM.Build.0 = Release|ARM
		{67A3403E-024C-410D-87A5-C51755DDF9E4}.Release|ARM.Deploy.0 = Release|ARM
		{67A3403E-024C-410D-87A5-C51755DDF9E4}.Release|iPhone.ActiveCfg = Release|x86
		{67A3403E-024C-410D-87A5-C51755DDF9E4}.Release|iPhoneSimulator.ActiveCfg = Release|x86
		{67A3403E-024C-410D-87A5-C51755DDF9E4}.Release|x64.ActiveCfg = Release|x64
		{67A3403E-024C-410D-87A5-C51755DDF9E4}.Release|x64.Build.0 = Release|x64
		{67A3403E-024C-410D-87A5-C51755DDF9E4}.Release|x64.Deploy.0 = Release|x64
		{67A3403E-024C-410D-87A5-C51755DDF9E4}.Release|x86.ActiveCfg = Release|x86
		{67A3403E-024C-410D-87A5-C51755DDF9E4}.Release|x86.Build.0 = Release|x86
		{67A3403E-024C-410D-87A5-C51755DDF9E4}.Release|x86.Deploy.0 = Release|x86
		{95F46E51-9B24-43E8-9AFA-8D7475A26DF9}.Ad-Hoc|Any CPU.ActiveCfg = Release|Any CPU
		{95F46E51-9B24-43E8-9AFA-8D7475A26DF9}.Ad-Hoc|Any CPU.Build.0 = Release|Any CPU
		{95F46E51-9B24-43E8-9AFA-8D7475A26DF9}.Ad-Hoc|Any CPU.Deploy.0 = Release|Any CPU
		{95F46E51-9B24-43E8-9AFA-8D7475A26DF9}.Ad-Hoc|ARM.ActiveCfg = Release|ARM
		{95F46E51-9B24-43E8-9AFA-8D7475A26DF9}.Ad-Hoc|ARM.Build.0 = Release|ARM
		{95F46E51-9B24-43E8-9AFA-8D7475A26DF9}.Ad-Hoc|ARM.Deploy.0 = Release|ARM
		{95F46E51-9B24-43E8-9AFA-8D7475A26DF9}.Ad-Hoc|iPhone.ActiveCfg = Release|Any CPU
		{95F46E51-9B24-43E8-9AFA-8D7475A26DF9}.Ad-Hoc|iPhone.Build.0 = Release|Any CPU
		{95F46E51-9B24-43E8-9AFA-8D7475A26DF9}.Ad-Hoc|iPhone.Deploy.0 = Release|Any CPU
		{95F46E51-9B24-43E8-9AFA-8D7475A26DF9}.Ad-Hoc|iPhoneSimulator.ActiveCfg = Release|Any CPU
		{95F46E51-9B24-43E8-9AFA-8D7475A26DF9}.Ad-Hoc|iPhoneSimulator.Build.0 = Release|Any CPU
		{95F46E51-9B24-43E8-9AFA-8D7475A26DF9}.Ad-Hoc|iPhoneSimulator.Deploy.0 = Release|Any CPU
		{95F46E51-9B24-43E8-9AFA-8D7475A26DF9}.Ad-Hoc|x64.ActiveCfg = Release|x64
		{95F46E51-9B24-43E8-9AFA-8D7475A26DF9}.Ad-Hoc|x64.Build.0 = Release|x64
		{95F46E51-9B24-43E8-9AFA-8D7475A26DF9}.Ad-Hoc|x64.Deploy.0 = Release|x64
		{95F46E51-9B24-43E8-9AFA-8D7475A26DF9}.Ad-Hoc|x86.ActiveCfg = Release|x86
		{95F46E51-9B24-43E8-9AFA-8D7475A26DF9}.Ad-Hoc|x86.Build.0 = Release|x86
		{95F46E51-9B24-43E8-9AFA-8D7475A26DF9}.Ad-Hoc|x86.Deploy.0 = Release|x86
		{95F46E51-9B24-43E8-9AFA-8D7475A26DF9}.AppStore|Any CPU.ActiveCfg = Release|Any CPU
		{95F46E51-9B24-43E8-9AFA-8D7475A26DF9}.AppStore|Any CPU.Build.0 = Release|Any CPU
		{95F46E51-9B24-43E8-9AFA-8D7475A26DF9}.AppStore|Any CPU.Deploy.0 = Release|Any CPU
		{95F46E51-9B24-43E8-9AFA-8D7475A26DF9}.AppStore|ARM.ActiveCfg = Release|ARM
		{95F46E51-9B24-43E8-9AFA-8D7475A26DF9}.AppStore|ARM.Build.0 = Release|ARM
		{95F46E51-9B24-43E8-9AFA-8D7475A26DF9}.AppStore|ARM.Deploy.0 = Release|ARM
		{95F46E51-9B24-43E8-9AFA-8D7475A26DF9}.AppStore|iPhone.ActiveCfg = Release|Any CPU
		{95F46E51-9B24-43E8-9AFA-8D7475A26DF9}.AppStore|iPhone.Build.0 = Release|Any CPU
		{95F46E51-9B24-43E8-9AFA-8D7475A26DF9}.AppStore|iPhone.Deploy.0 = Release|Any CPU
		{95F46E51-9B24-43E8-9AFA-8D7475A26DF9}.AppStore|iPhoneSimulator.ActiveCfg = Release|Any CPU
		{95F46E51-9B24-43E8-9AFA-8D7475A26DF9}.AppStore|iPhoneSimulator.Build.0 = Release|Any CPU
		{95F46E51-9B24-43E8-9AFA-8D7475A26DF9}.AppStore|iPhoneSimulator.Deploy.0 = Release|Any CPU
		{95F46E51-9B24-43E8-9AFA-8D7475A26DF9}.AppStore|x64.ActiveCfg = Release|x64
		{95F46E51-9B24-43E8-9AFA-8D7475A26DF9}.AppStore|x64.Build.0 = Release|x64
		{95F46E51-9B24-43E8-9AFA-8D7475A26DF9}.AppStore|x64.Deploy.0 = Release|x64
		{95F46E51-9B24-43E8-9AFA-8D7475A26DF9}.AppStore|x86.ActiveCfg = Release|x86
		{95F46E51-9B24-43E8-9AFA-8D7475A26DF9}.AppStore|x86.Build.0 = Release|x86
		{95F46E51-9B24-43E8-9AFA-8D7475A26DF9}.AppStore|x86.Deploy.0 = Release|x86
		{95F46E51-9B24-43E8-9AFA-8D7475A26DF9}.Debug|Any CPU.ActiveCfg = Debug|Any CPU
		{95F46E51-9B24-43E8-9AFA-8D7475A26DF9}.Debug|Any CPU.Build.0 = Debug|Any CPU
		{95F46E51-9B24-43E8-9AFA-8D7475A26DF9}.Debug|Any CPU.Deploy.0 = Debug|Any CPU
		{95F46E51-9B24-43E8-9AFA-8D7475A26DF9}.Debug|ARM.ActiveCfg = Debug|ARM
		{95F46E51-9B24-43E8-9AFA-8D7475A26DF9}.Debug|ARM.Build.0 = Debug|ARM
		{95F46E51-9B24-43E8-9AFA-8D7475A26DF9}.Debug|ARM.Deploy.0 = Debug|ARM
		{95F46E51-9B24-43E8-9AFA-8D7475A26DF9}.Debug|iPhone.ActiveCfg = Debug|Any CPU
		{95F46E51-9B24-43E8-9AFA-8D7475A26DF9}.Debug|iPhone.Build.0 = Debug|Any CPU
		{95F46E51-9B24-43E8-9AFA-8D7475A26DF9}.Debug|iPhone.Deploy.0 = Debug|Any CPU
		{95F46E51-9B24-43E8-9AFA-8D7475A26DF9}.Debug|iPhoneSimulator.ActiveCfg = Debug|Any CPU
		{95F46E51-9B24-43E8-9AFA-8D7475A26DF9}.Debug|iPhoneSimulator.Build.0 = Debug|Any CPU
		{95F46E51-9B24-43E8-9AFA-8D7475A26DF9}.Debug|iPhoneSimulator.Deploy.0 = Debug|Any CPU
		{95F46E51-9B24-43E8-9AFA-8D7475A26DF9}.Debug|x64.ActiveCfg = Debug|x64
		{95F46E51-9B24-43E8-9AFA-8D7475A26DF9}.Debug|x64.Build.0 = Debug|x64
		{95F46E51-9B24-43E8-9AFA-8D7475A26DF9}.Debug|x64.Deploy.0 = Debug|x64
		{95F46E51-9B24-43E8-9AFA-8D7475A26DF9}.Debug|x86.ActiveCfg = Debug|x86
		{95F46E51-9B24-43E8-9AFA-8D7475A26DF9}.Debug|x86.Build.0 = Debug|x86
		{95F46E51-9B24-43E8-9AFA-8D7475A26DF9}.Debug|x86.Deploy.0 = Debug|x86
		{95F46E51-9B24-43E8-9AFA-8D7475A26DF9}.Release|Any CPU.ActiveCfg = Release|Any CPU
		{95F46E51-9B24-43E8-9AFA-8D7475A26DF9}.Release|Any CPU.Build.0 = Release|Any CPU
		{95F46E51-9B24-43E8-9AFA-8D7475A26DF9}.Release|Any CPU.Deploy.0 = Release|Any CPU
		{95F46E51-9B24-43E8-9AFA-8D7475A26DF9}.Release|ARM.ActiveCfg = Release|ARM
		{95F46E51-9B24-43E8-9AFA-8D7475A26DF9}.Release|ARM.Build.0 = Release|ARM
		{95F46E51-9B24-43E8-9AFA-8D7475A26DF9}.Release|ARM.Deploy.0 = Release|ARM
		{95F46E51-9B24-43E8-9AFA-8D7475A26DF9}.Release|iPhone.ActiveCfg = Release|Any CPU
		{95F46E51-9B24-43E8-9AFA-8D7475A26DF9}.Release|iPhone.Build.0 = Release|Any CPU
		{95F46E51-9B24-43E8-9AFA-8D7475A26DF9}.Release|iPhone.Deploy.0 = Release|Any CPU
		{95F46E51-9B24-43E8-9AFA-8D7475A26DF9}.Release|iPhoneSimulator.ActiveCfg = Release|Any CPU
		{95F46E51-9B24-43E8-9AFA-8D7475A26DF9}.Release|iPhoneSimulator.Build.0 = Release|Any CPU
		{95F46E51-9B24-43E8-9AFA-8D7475A26DF9}.Release|iPhoneSimulator.Deploy.0 = Release|Any CPU
		{95F46E51-9B24-43E8-9AFA-8D7475A26DF9}.Release|x64.ActiveCfg = Release|x64
		{95F46E51-9B24-43E8-9AFA-8D7475A26DF9}.Release|x64.Build.0 = Release|x64
		{95F46E51-9B24-43E8-9AFA-8D7475A26DF9}.Release|x64.Deploy.0 = Release|x64
		{95F46E51-9B24-43E8-9AFA-8D7475A26DF9}.Release|x86.ActiveCfg = Release|x86
		{95F46E51-9B24-43E8-9AFA-8D7475A26DF9}.Release|x86.Build.0 = Release|x86
		{95F46E51-9B24-43E8-9AFA-8D7475A26DF9}.Release|x86.Deploy.0 = Release|x86
	EndGlobalSection
	GlobalSection(SolutionProperties) = preSolution
		HideSolutionNode = FALSE
	EndGlobalSection
EndGlobal
